
Microsoft Visual Studio Solution File, Format Version 12.00
# Visual Studio Version 16
VisualStudioVersion = 16.0.32413.511
MinimumVisualStudioVersion = 10.0.40219.1
Project("{FAE04EC0-301F-11D3-BF4B-00C04F79EFBC}") = "BookRegistrationSystem", "BookRegistrationSystem\BookRegistrationSystem.csproj", "{43BB21B1-2B84-4DCC-BB81-05204FD1A1BF}"
EndProject
Global
	GlobalSection(SolutionConfigurationPlatforms) = preSolution
		Debug|Any CPU = Debug|Any CPU
		Release|Any CPU = Release|Any CPU
	EndGlobalSection
	GlobalSection(ProjectConfigurationPlatforms) = postSolution
		{43BB21B1-2B84-4DCC-BB81-05204FD1A1BF}.Debug|Any CPU.ActiveCfg = Debug|Any CPU
		{43BB21B1-2B84-4DCC-BB81-05204FD1A1BF}.Debug|Any CPU.Build.0 = Debug|Any CPU
		{43BB21B1-2B84-4DCC-BB81-05204FD1A1BF}.Release|Any CPU.ActiveCfg = Release|Any CPU
		{43BB21B1-2B84-4DCC-BB81-05204FD1A1BF}.Release|Any CPU.Build.0 = Release|Any CPU
	EndGlobalSection
	GlobalSection(SolutionProperties) = preSolution
		HideSolutionNode = FALSE
	EndGlobalSection
	GlobalSection(ExtensibilityGlobals) = postSolution
		SolutionGuid = {4DA6ACBE-76D1-44A1-B48C-B7FFCEB9E01B}
	EndGlobalSection
EndGlobal
